// !$*UTF8*$!
{
	archiveVersion = 1;
	classes = {
	};
	objectVersion = 46;
	objects = {

/* Begin PBXBuildFile section */
		442F815919BE9001009C1DD1 /* AppDelegate.swift in Sources */ = {isa = PBXBuildFile; fileRef = 442F815819BE9001009C1DD1 /* AppDelegate.swift */; };
		442F815B19BE9001009C1DD1 /* GameScene.sks in Resources */ = {isa = PBXBuildFile; fileRef = 442F815A19BE9001009C1DD1 /* GameScene.sks */; };
		442F815D19BE9001009C1DD1 /* GameScene.swift in Sources */ = {isa = PBXBuildFile; fileRef = 442F815C19BE9001009C1DD1 /* GameScene.swift */; };
		442F815F19BE9001009C1DD1 /* GameViewController.swift in Sources */ = {isa = PBXBuildFile; fileRef = 442F815E19BE9001009C1DD1 /* GameViewController.swift */; };
		442F816219BE9001009C1DD1 /* Main.storyboard in Resources */ = {isa = PBXBuildFile; fileRef = 442F816019BE9001009C1DD1 /* Main.storyboard */; };
		442F816419BE9001009C1DD1 /* Images.xcassets in Resources */ = {isa = PBXBuildFile; fileRef = 442F816319BE9001009C1DD1 /* Images.xcassets */; };
		442F817019BE9001009C1DD1 /* ICrossCommanderTests.swift in Sources */ = {isa = PBXBuildFile; fileRef = 442F816F19BE9001009C1DD1 /* ICrossCommanderTests.swift */; };
/* End PBXBuildFile section */

/* Begin PBXContainerItemProxy section */
		442F816A19BE9001009C1DD1 /* PBXContainerItemProxy */ = {
			isa = PBXContainerItemProxy;
			containerPortal = 442F814B19BE9001009C1DD1 /* Project object */;
			proxyType = 1;
			remoteGlobalIDString = 442F815219BE9001009C1DD1;
			remoteInfo = ICrossCommander;
		};
/* End PBXContainerItemProxy section */

/* Begin PBXFileReference section */
		442F815319BE9001009C1DD1 /* ICrossCommander.app */ = {isa = PBXFileReference; explicitFileType = wrapper.application; includeInIndex = 0; path = ICrossCommander.app; sourceTree = BUILT_PRODUCTS_DIR; };
		442F815719BE9001009C1DD1 /* Info.plist */ = {isa = PBXFileReference; lastKnownFileType = text.plist.xml; path = Info.plist; sourceTree = "<group>"; };
		442F815819BE9001009C1DD1 /* AppDelegate.swift */ = {isa = PBXFileReference; lastKnownFileType = sourcecode.swift; path = AppDelegate.swift; sourceTree = "<group>"; };
		442F815A19BE9001009C1DD1 /* GameScene.sks */ = {isa = PBXFileReference; lastKnownFileType = file.sks; path = GameScene.sks; sourceTree = "<group>"; };
		442F815C19BE9001009C1DD1 /* GameScene.swift */ = {isa = PBXFileReference; lastKnownFileType = sourcecode.swift; path = GameScene.swift; sourceTree = "<group>"; };
		442F815E19BE9001009C1DD1 /* GameViewController.swift */ = {isa = PBXFileReference; lastKnownFileType = sourcecode.swift; path = GameViewController.swift; sourceTree = "<group>"; };
		442F816119BE9001009C1DD1 /* Base */ = {isa = PBXFileReference; lastKnownFileType = file.storyboard; name = Base; path = Base.lproj/Main.storyboard; sourceTree = "<group>"; };
		442F816319BE9001009C1DD1 /* Images.xcassets */ = {isa = PBXFileReference; lastKnownFileType = folder.assetcatalog; path = Images.xcassets; sourceTree = "<group>"; };
		442F816919BE9001009C1DD1 /* ICrossCommanderTests.xctest */ = {isa = PBXFileReference; explicitFileType = wrapper.cfbundle; includeInIndex = 0; path = ICrossCommanderTests.xctest; sourceTree = BUILT_PRODUCTS_DIR; };
		442F816E19BE9001009C1DD1 /* Info.plist */ = {isa = PBXFileReference; lastKnownFileType = text.plist.xml; path = Info.plist; sourceTree = "<group>"; };
		442F816F19BE9001009C1DD1 /* ICrossCommanderTests.swift */ = {isa = PBXFileReference; lastKnownFileType = sourcecode.swift; path = ICrossCommanderTests.swift; sourceTree = "<group>"; };
/* End PBXFileReference section */

/* Begin PBXFrameworksBuildPhase section */
		442F815019BE9001009C1DD1 /* Frameworks */ = {
			isa = PBXFrameworksBuildPhase;
			buildActionMask = 2147483647;
			files = (
			);
			runOnlyForDeploymentPostprocessing = 0;
		};
		442F816619BE9001009C1DD1 /* Frameworks */ = {
			isa = PBXFrameworksBuildPhase;
			buildActionMask = 2147483647;
			files = (
			);
			runOnlyForDeploymentPostprocessing = 0;
		};
/* End PBXFrameworksBuildPhase section */

/* Begin PBXGroup section */
		442F814A19BE9001009C1DD1 = {
			isa = PBXGroup;
			children = (
				442F815519BE9001009C1DD1 /* ICrossCommander */,
				442F816C19BE9001009C1DD1 /* ICrossCommanderTests */,
				442F815419BE9001009C1DD1 /* Products */,
			);
			sourceTree = "<group>";
		};
		442F815419BE9001009C1DD1 /* Products */ = {
			isa = PBXGroup;
			children = (
				442F815319BE9001009C1DD1 /* ICrossCommander.app */,
				442F816919BE9001009C1DD1 /* ICrossCommanderTests.xctest */,
			);
			name = Products;
			sourceTree = "<group>";
		};
		442F815519BE9001009C1DD1 /* ICrossCommander */ = {
			isa = PBXGroup;
			children = (
				442F815819BE9001009C1DD1 /* AppDelegate.swift */,
				442F815A19BE9001009C1DD1 /* GameScene.sks */,
				442F815C19BE9001009C1DD1 /* GameScene.swift */,
				442F815E19BE9001009C1DD1 /* GameViewController.swift */,
				442F816019BE9001009C1DD1 /* Main.storyboard */,
				442F816319BE9001009C1DD1 /* Images.xcassets */,
				442F815619BE9001009C1DD1 /* Supporting Files */,
			);
			path = ICrossCommander;
			sourceTree = "<group>";
		};
		442F815619BE9001009C1DD1 /* Supporting Files */ = {
			isa = PBXGroup;
			children = (
				442F815719BE9001009C1DD1 /* Info.plist */,
			);
			name = "Supporting Files";
			sourceTree = "<group>";
		};
		442F816C19BE9001009C1DD1 /* ICrossCommanderTests */ = {
			isa = PBXGroup;
			children = (
				442F816F19BE9001009C1DD1 /* ICrossCommanderTests.swift */,
				442F816D19BE9001009C1DD1 /* Supporting Files */,
			);
			path = ICrossCommanderTests;
			sourceTree = "<group>";
		};
		442F816D19BE9001009C1DD1 /* Supporting Files */ = {
			isa = PBXGroup;
			children = (
				442F816E19BE9001009C1DD1 /* Info.plist */,
			);
			name = "Supporting Files";
			sourceTree = "<group>";
		};
/* End PBXGroup section */

/* Begin PBXNativeTarget section */
		442F815219BE9001009C1DD1 /* ICrossCommander */ = {
			isa = PBXNativeTarget;
			buildConfigurationList = 442F817319BE9001009C1DD1 /* Build configuration list for PBXNativeTarget "ICrossCommander" */;
			buildPhases = (
				442F814F19BE9001009C1DD1 /* Sources */,
				442F815019BE9001009C1DD1 /* Frameworks */,
				442F815119BE9001009C1DD1 /* Resources */,
			);
			buildRules = (
			);
			dependencies = (
			);
			name = ICrossCommander;
			productName = ICrossCommander;
			productReference = 442F815319BE9001009C1DD1 /* ICrossCommander.app */;
			productType = "com.apple.product-type.application";
		};
		442F816819BE9001009C1DD1 /* ICrossCommanderTests */ = {
			isa = PBXNativeTarget;
			buildConfigurationList = 442F817619BE9001009C1DD1 /* Build configuration list for PBXNativeTarget "ICrossCommanderTests" */;
			buildPhases = (
				442F816519BE9001009C1DD1 /* Sources */,
				442F816619BE9001009C1DD1 /* Frameworks */,
				442F816719BE9001009C1DD1 /* Resources */,
			);
			buildRules = (
			);
			dependencies = (
				442F816B19BE9001009C1DD1 /* PBXTargetDependency */,
			);
			name = ICrossCommanderTests;
			productName = ICrossCommanderTests;
			productReference = 442F816919BE9001009C1DD1 /* ICrossCommanderTests.xctest */;
			productType = "com.apple.product-type.bundle.unit-test";
		};
/* End PBXNativeTarget section */

/* Begin PBXProject section */
		442F814B19BE9001009C1DD1 /* Project object */ = {
			isa = PBXProject;
			attributes = {
				LastUpgradeCheck = 0600;
				ORGANIZATIONNAME = Lyt;
				TargetAttributes = {
					442F815219BE9001009C1DD1 = {
						CreatedOnToolsVersion = 6.0;
					};
					442F816819BE9001009C1DD1 = {
						CreatedOnToolsVersion = 6.0;
						TestTargetID = 442F815219BE9001009C1DD1;
					};
				};
			};
			buildConfigurationList = 442F814E19BE9001009C1DD1 /* Build configuration list for PBXProject "ICrossCommander" */;
			compatibilityVersion = "Xcode 3.2";
			developmentRegion = English;
			hasScannedForEncodings = 0;
			knownRegions = (
				en,
				Base,
			);
			mainGroup = 442F814A19BE9001009C1DD1;
			productRefGroup = 442F815419BE9001009C1DD1 /* Products */;
			projectDirPath = "";
			projectRoot = "";
			targets = (
				442F815219BE9001009C1DD1 /* ICrossCommander */,
				442F816819BE9001009C1DD1 /* ICrossCommanderTests */,
			);
		};
/* End PBXProject section */

/* Begin PBXResourcesBuildPhase section */
		442F815119BE9001009C1DD1 /* Resources */ = {
			isa = PBXResourcesBuildPhase;
			buildActionMask = 2147483647;
			files = (
				442F816419BE9001009C1DD1 /* Images.xcassets in Resources */,
				442F815B19BE9001009C1DD1 /* GameScene.sks in Resources */,
				442F816219BE9001009C1DD1 /* Main.storyboard in Resources */,
			);
			runOnlyForDeploymentPostprocessing = 0;
		};
		442F816719BE9001009C1DD1 /* Resources */ = {
			isa = PBXResourcesBuildPhase;
			buildActionMask = 2147483647;
			files = (
			);
			runOnlyForDeploymentPostprocessing = 0;
		};
/* End PBXResourcesBuildPhase section */

/* Begin PBXSourcesBuildPhase section */
		442F814F19BE9001009C1DD1 /* Sources */ = {
			isa = PBXSourcesBuildPhase;
			buildActionMask = 2147483647;
			files = (
				442F815D19BE9001009C1DD1 /* GameScene.swift in Sources */,
				442F815F19BE9001009C1DD1 /* GameViewController.swift in Sources */,
				442F815919BE9001009C1DD1 /* AppDelegate.swift in Sources */,
			);
			runOnlyForDeploymentPostprocessing = 0;
		};
		442F816519BE9001009C1DD1 /* Sources */ = {
			isa = PBXSourcesBuildPhase;
			buildActionMask = 2147483647;
			files = (
				442F817019BE9001009C1DD1 /* ICrossCommanderTests.swift in Sources */,
			);
			runOnlyForDeploymentPostprocessing = 0;
		};
/* End PBXSourcesBuildPhase section */

/* Begin PBXTargetDependency section */
		442F816B19BE9001009C1DD1 /* PBXTargetDependency */ = {
			isa = PBXTargetDependency;
			target = 442F815219BE9001009C1DD1 /* ICrossCommander */;
			targetProxy = 442F816A19BE9001009C1DD1 /* PBXContainerItemProxy */;
		};
/* End PBXTargetDependency section */

/* Begin PBXVariantGroup section */
		442F816019BE9001009C1DD1 /* Main.storyboard */ = {
			isa = PBXVariantGroup;
			children = (
				442F816119BE9001009C1DD1 /* Base */,
			);
			name = Main.storyboard;
			sourceTree = "<group>";
		};
/* End PBXVariantGroup section */

/* Begin XCBuildConfiguration section */
		442F817119BE9001009C1DD1 /* Debug */ = {
			isa = XCBuildConfiguration;
			buildSettings = {
				ALWAYS_SEARCH_USER_PATHS = NO;
				CLANG_CXX_LANGUAGE_STANDARD = "gnu++0x";
				CLANG_CXX_LIBRARY = "libc++";
				CLANG_ENABLE_MODULES = YES;
				CLANG_ENABLE_OBJC_ARC = YES;
				CLANG_WARN_BOOL_CONVERSION = YES;
				CLANG_WARN_CONSTANT_CONVERSION = YES;
				CLANG_WARN_DIRECT_OBJC_ISA_USAGE = YES_ERROR;
				CLANG_WARN_EMPTY_BODY = YES;
				CLANG_WARN_ENUM_CONVERSION = YES;
				CLANG_WARN_INT_CONVERSION = YES;
				CLANG_WARN_OBJC_ROOT_CLASS = YES_ERROR;
				CLANG_WARN_UNREACHABLE_CODE = YES;
				CLANG_WARN__DUPLICATE_METHOD_MATCH = YES;
				"CODE_SIGN_IDENTITY[sdk=iphoneos*]" = "iPhone Developer";
				COPY_PHASE_STRIP = NO;
				ENABLE_STRICT_OBJC_MSGSEND = YES;
				GCC_C_LANGUAGE_STANDARD = gnu99;
				GCC_DYNAMIC_NO_PIC = NO;
				GCC_OPTIMIZATION_LEVEL = 0;
				GCC_PREPROCESSOR_DEFINITIONS = (
					"DEBUG=1",
					"$(inherited)",
				);
				GCC_SYMBOLS_PRIVATE_EXTERN = NO;
				GCC_WARN_64_TO_32_BIT_CONVERSION = YES;
				GCC_WARN_ABOUT_RETURN_TYPE = YES_ERROR;
				GCC_WARN_UNDECLARED_SELECTOR = YES;
				GCC_WARN_UNINITIALIZED_AUTOS = YES_AGGRESSIVE;
				GCC_WARN_UNUSED_FUNCTION = YES;
				GCC_WARN_UNUSED_VARIABLE = YES;
				IPHONEOS_DEPLOYMENT_TARGET = 8.0;
				MTL_ENABLE_DEBUG_INFO = YES;
				ONLY_ACTIVE_ARCH = YES;
				SDKROOT = iphoneos;
				SWIFT_OPTIMIZATION_LEVEL = "-Onone";
			};
			name = Debug;
		};
		442F817219BE9001009C1DD1 /* Release */ = {
			isa = XCBuildConfiguration;
			buildSettings = {
				ALWAYS_SEARCH_USER_PATHS = NO;
				CLANG_CXX_LANGUAGE_STANDARD = "gnu++0x";
				CLANG_CXX_LIBRARY = "libc++";
				CLANG_ENABLE_MODULES = YES;
				CLANG_ENABLE_OBJC_ARC = YES;
				CLANG_WARN_BOOL_CONVERSION = YES;
				CLANG_WARN_CONSTANT_CONVERSION = YES;
				CLANG_WARN_DIRECT_OBJC_ISA_USAGE = YES_ERROR;
				CLANG_WARN_EMPTY_BODY = YES;
				CLANG_WARN_ENUM_CONVERSION = YES;
				CLANG_WARN_INT_CONVERSION = YES;
				CLANG_WARN_OBJC_ROOT_CLASS = YES_ERROR;
				CLANG_WARN_UNREACHABLE_CODE = YES;
				CLANG_WARN__DUPLICATE_METHOD_MATCH = YES;
				"CODE_SIGN_IDENTITY[sdk=iphoneos*]" = "iPhone Developer";
				COPY_PHASE_STRIP = YES;
				ENABLE_NS_ASSERTIONS = NO;
				ENABLE_STRICT_OBJC_MSGSEND = YES;
				GCC_C_LANGUAGE_STANDARD = gnu99;
				GCC_WARN_64_TO_32_BIT_CONVERSION = YES;
				GCC_WARN_ABOUT_RETURN_TYPE = YES_ERROR;
				GCC_WARN_UNDECLARED_SELECTOR = YES;
				GCC_WARN_UNINITIALIZED_AUTOS = YES_AGGRESSIVE;
				GCC_WARN_UNUSED_FUNCTION = YES;
				GCC_WARN_UNUSED_VARIABLE = YES;
				IPHONEOS_DEPLOYMENT_TARGET = 8.0;
				MTL_ENABLE_DEBUG_INFO = NO;
				SDKROOT = iphoneos;
				VALIDATE_PRODUCT = YES;
			};
			name = Release;
		};
		442F817419BE9001009C1DD1 /* Debug */ = {
			isa = XCBuildConfiguration;
			buildSettings = {
				ASSETCATALOG_COMPILER_APPICON_NAME = AppIcon;
				ASSETCATALOG_COMPILER_LAUNCHIMAGE_NAME = LaunchImage;
				INFOPLIST_FILE = ICrossCommander/Info.plist;
				LD_RUNPATH_SEARCH_PATHS = "$(inherited) @executable_path/Frameworks";
				PRODUCT_NAME = "$(TARGET_NAME)";
			};
			name = Debug;
		};
		442F817519BE9001009C1DD1 /* Release */ = {
			isa = XCBuildConfiguration;
			buildSettings = {
				ASSETCATALOG_COMPILER_APPICON_NAME = AppIcon;
				ASSETCATALOG_COMPILER_LAUNCHIMAGE_NAME = LaunchImage;
				INFOPLIST_FILE = ICrossCommander/Info.plist;
				LD_RUNPATH_SEARCH_PATHS = "$(inherited) @executable_path/Frameworks";
				PRODUCT_NAME = "$(TARGET_NAME)";
			};
			name = Release;
		};
		442F817719BE9001009C1DD1 /* Debug */ = {
			isa = XCBuildConfiguration;
			buildSettings = {
				BUNDLE_LOADER = "$(TEST_HOST)";
				FRAMEWORK_SEARCH_PATHS = (
					"$(SDKROOT)/Developer/Library/Frameworks",
					"$(inherited)",
				);
				GCC_PREPROCESSOR_DEFINITIONS = (
					"DEBUG=1",
					"$(inherited)",
				);
				INFOPLIST_FILE = ICrossCommanderTests/Info.plist;
				LD_RUNPATH_SEARCH_PATHS = "$(inherited) @executable_path/Frameworks @loader_path/Frameworks";
				PRODUCT_NAME = "$(TARGET_NAME)";
				TEST_HOST = "$(BUILT_PRODUCTS_DIR)/ICrossCommander.app/ICrossCommander";
			};
			name = Debug;
		};
		442F817819BE9001009C1DD1 /* Release */ = {
			isa = XCBuildConfiguration;
			buildSettings = {
				BUNDLE_LOADER = "$(TEST_HOST)";
				FRAMEWORK_SEARCH_PATHS = (
					"$(SDKROOT)/Developer/Library/Frameworks",
					"$(inherited)",
				);
				INFOPLIST_FILE = ICrossCommanderTests/Info.plist;
				LD_RUNPATH_SEARCH_PATHS = "$(inherited) @executable_path/Frameworks @loader_path/Frameworks";
				PRODUCT_NAME = "$(TARGET_NAME)";
				TEST_HOST = "$(BUILT_PRODUCTS_DIR)/ICrossCommander.app/ICrossCommander";
			};
			name = Release;
		};
/* End XCBuildConfiguration section */

/* Begin XCConfigurationList section */
		442F814E19BE9001009C1DD1 /* Build configuration list for PBXProject "ICrossCommander" */ = {
			isa = XCConfigurationList;
			buildConfigurations = (
				442F817119BE9001009C1DD1 /* Debug */,
				442F817219BE9001009C1DD1 /* Release */,
			);
			defaultConfigurationIsVisible = 0;
			defaultConfigurationName = Release;
		};
		442F817319BE9001009C1DD1 /* Build configuration list for PBXNativeTarget "ICrossCommander" */ = {
			isa = XCConfigurationList;
			buildConfigurations = (
				442F817419BE9001009C1DD1 /* Debug */,
				442F817519BE9001009C1DD1 /* Release */,
			);
			defaultConfigurationIsVisible = 0;
		};
		442F817619BE9001009C1DD1 /* Build configuration list for PBXNativeTarget "ICrossCommanderTests" */ = {
			isa = XCConfigurationList;
			buildConfigurations = (
				442F817719BE9001009C1DD1 /* Debug */,
				442F817819BE9001009C1DD1 /* Release */,
			);
			defaultConfigurationIsVisible = 0;
		};
/* End XCConfigurationList section */
	};
	rootObject = 442F814B19BE9001009C1DD1 /* Project object */;
}
